
Microsoft Visual Studio Solution File, Format Version 10.00
# Visual Studio 2008
Project("{FAE04EC0-301F-11D3-BF4B-00C04F79EFBC}") = "AntTask", "AntTask.csproj", "{03FE8867-D4DB-47B4-8833-5B3470046F7C}"
EndProject
Global
	GlobalSection(SolutionConfigurationPlatforms) = preSolution
		Debug|Any CPU = Debug|Any CPU
		Release|Any CPU = Release|Any CPU
	EndGlobalSection
	GlobalSection(ProjectConfigurationPlatforms) = postSolution
		{03FE8867-D4DB-47B4-8833-5B3470046F7C}.Debug|Any CPU.ActiveCfg = Debug|Any CPU
		{03FE8867-D4DB-47B4-8833-5B3470046F7C}.Debug|Any CPU.Build.0 = Debug|Any CPU
		{03FE8867-D4DB-47B4-8833-5B3470046F7C}.Release|Any CPU.ActiveCfg = Release|Any CPU
		{03FE8867-D4DB-47B4-8833-5B3470046F7C}.Release|Any CPU.Build.0 = Release|Any CPU
	EndGlobalSection
	GlobalSection(SolutionProperties) = preSolution
		HideSolutionNode = FALSE
	EndGlobalSection
EndGlobal
